
Microsoft Visual Studio Solution File, Format Version 12.00
# Visual Studio 15
VisualStudioVersion = 15.0.27703.2000
MinimumVisualStudioVersion = 10.0.40219.1
Project("{9A19103F-16F7-4668-BE54-9A1E7A4F7556}") = "01 - ThreadClass Sample 1", "ThreadClass Sample\01 - ThreadClass Sample 1.csproj", "{9AABC6FC-4825-4F45-A3D1-5C08D6CC70B1}"
EndProject
Project("{9A19103F-16F7-4668-BE54-9A1E7A4F7556}") = "01 - ThreadClass Sample 2", "01 - ThreadClass Sample 2\01 - ThreadClass Sample 2.csproj", "{F9629E82-2CE1-4CF7-8A7F-A204C33E952A}"
EndProject
Project("{9A19103F-16F7-4668-BE54-9A1E7A4F7556}") = "01 - ThreadClass Sample 3", "01 - ThreadClass Sample 3\01 - ThreadClass Sample 3.csproj", "{AC6A3520-4A79-48EC-9BE1-C01F30BA64EF}"
EndProject
Project("{9A19103F-16F7-4668-BE54-9A1E7A4F7556}") = "01 - ThreadClass Sample 4", "01 - ThreadClass Sample 4\01 - ThreadClass Sample 4.csproj", "{CB8BDE8B-63CF-4236-8D56-BEF5994FD786}"
EndProject
Project("{9A19103F-16F7-4668-BE54-9A1E7A4F7556}") = "01 - ThreadClass Sample 5", "01 ThreadClass Sample 5\01 - ThreadClass Sample 5.csproj", "{B92FBF1B-0589-4DC6-BF13-FADC8B792D2B}"
EndProject
Project("{9A19103F-16F7-4668-BE54-9A1E7A4F7556}") = "01 - ThreadClass Sample 6", "01 - ThreadClass Sample 6\01 - ThreadClass Sample 6.csproj", "{4062A8F3-666A-4850-AB2B-357C973F828A}"
EndProject
Project("{9A19103F-16F7-4668-BE54-9A1E7A4F7556}") = "01 - ThreadClass Sample 7", "01 - ThreadClass Sample 7\01 - ThreadClass Sample 7.csproj", "{882B0605-B9D2-4496-A74B-D6AF3A631E8E}"
EndProject
Project("{2150E333-8FDC-42A3-9474-1A3956D46DE8}") = "Chapter 1 - Threads and Tasks", "Chapter 1 - Threads and Tasks", "{0F25477B-3A9D-4887-B55A-CC36416A2BD9}"
EndProject
Project("{2150E333-8FDC-42A3-9474-1A3956D46DE8}") = "01 - Threads", "01 - Threads", "{8D59A73B-D924-4648-BE38-CAC71A893B14}"
EndProject
Project("{2150E333-8FDC-42A3-9474-1A3956D46DE8}") = "02 - Tasks", "02 - Tasks", "{CEC39F8E-CBDC-49A4-89DB-0584091E1DA0}"
EndProject
Project("{9A19103F-16F7-4668-BE54-9A1E7A4F7556}") = "01 - TaskClass Sample 1", "01 - TaskClass Sample 1\01 - TaskClass Sample 1.csproj", "{5B201D13-110F-4D82-BB57-85D33542590C}"
EndProject
Project("{9A19103F-16F7-4668-BE54-9A1E7A4F7556}") = "01 - TaskClass Sample 2", "01 - TaskClass Sample 2\01 - TaskClass Sample 2.csproj", "{D9C82FA0-506C-496D-AC87-E12A4E173986}"
EndProject
Project("{9A19103F-16F7-4668-BE54-9A1E7A4F7556}") = "01 - TaskClass Sample 3", "01 - TaskClass Sample 3\01 - TaskClass Sample 3.csproj", "{7818BBB4-9C63-493E-B7FD-58AE2B7770D0}"
EndProject
Project("{9A19103F-16F7-4668-BE54-9A1E7A4F7556}") = "01 - TaskClass Sample 4", "01 - TaskClass Sample 4\01 - TaskClass Sample 4.csproj", "{51A46386-4641-427D-868D-CFD88EDE3675}"
EndProject
Project("{9A19103F-16F7-4668-BE54-9A1E7A4F7556}") = "01 - TaskClass Sample 5", "01 - TaskClass Sample 5\01 - TaskClass Sample 5.csproj", "{67913C1B-84B5-4650-835A-1FDA6616CCF3}"
EndProject
Project("{9A19103F-16F7-4668-BE54-9A1E7A4F7556}") = "01 - TaskClass Sample 6", "01 - TaskClass Sample 6\01 - TaskClass Sample 6.csproj", "{EF6830F7-B07F-45FC-977A-5B4600BC5E11}"
EndProject
Project("{9A19103F-16F7-4668-BE54-9A1E7A4F7556}") = "01 - TaskClass Sample 7", "01 - TaskClass Sample 7\01 - TaskClass Sample 7.csproj", "{E779388F-D134-4575-9100-739959380F58}"
EndProject
Project("{FAE04EC0-301F-11D3-BF4B-00C04F79EFBC}") = "01 - TaskClass Sample 8", "01 - TaskClass Sample 8\01 - TaskClass Sample 8.csproj", "{CC5080F4-9E9D-4621-824A-1302EF1074F2}"
EndProject
Project("{FAE04EC0-301F-11D3-BF4B-00C04F79EFBC}") = "01 - TaskClass Sample 9", "01 - TaskClass Sample 9\01 - TaskClass Sample 9.csproj", "{04C67F1E-5017-41F4-B3D1-CEEE4A617F07}"
EndProject
Project("{FAE04EC0-301F-11D3-BF4B-00C04F79EFBC}") = "01 - TaskClass Sample 10", "01 - TaskClass Sample 10\01 - TaskClass Sample 10.csproj", "{7229EC07-319A-450D-801D-95709C313227}"
EndProject
Project("{2150E333-8FDC-42A3-9474-1A3956D46DE8}") = "03 - Lock", "03 - Lock", "{2B503954-7B26-4938-88D0-CE8BC2D3BDD5}"
EndProject
Project("{FAE04EC0-301F-11D3-BF4B-00C04F79EFBC}") = "01 - Lock Sample 1", "01 - Lock Sample 1\01 - Lock Sample 1.csproj", "{ED54B186-F7D3-4CE2-8D3E-EF958FB545FC}"
EndProject
Project("{FAE04EC0-301F-11D3-BF4B-00C04F79EFBC}") = "01 - Lock Sample 2", "01 - Lock Sample 2\01 - Lock Sample 2.csproj", "{D075C4D2-49D2-4DF0-8EC2-2FA718947CF4}"
EndProject
Project("{FAE04EC0-301F-11D3-BF4B-00C04F79EFBC}") = "01 - Lock Sample 3", "01 - Lock Sample 3\01 - Lock Sample 3.csproj", "{52246EAD-F2FF-4793-A10A-E681E77748D0}"
EndProject
Project("{FAE04EC0-301F-11D3-BF4B-00C04F79EFBC}") = "01 - Lock Sample 4", "01 - Lock Sample 4\01 - Lock Sample 4.csproj", "{5F83A1A2-C81E-46D6-B3B9-27DC028C5219}"
EndProject
Project("{FAE04EC0-301F-11D3-BF4B-00C04F79EFBC}") = "01 - Lock Sample 5", "01 - Lock Sample 5\01 - Lock Sample 5.csproj", "{76FF221A-EC6E-4F30-B7A5-E7C6AF81C256}"
EndProject
Global
	GlobalSection(SolutionConfigurationPlatforms) = preSolution
		Debug|Any CPU = Debug|Any CPU
		Release|Any CPU = Release|Any CPU
	EndGlobalSection
	GlobalSection(ProjectConfigurationPlatforms) = postSolution
		{9AABC6FC-4825-4F45-A3D1-5C08D6CC70B1}.Debug|Any CPU.ActiveCfg = Debug|Any CPU
		{9AABC6FC-4825-4F45-A3D1-5C08D6CC70B1}.Debug|Any CPU.Build.0 = Debug|Any CPU
		{9AABC6FC-4825-4F45-A3D1-5C08D6CC70B1}.Release|Any CPU.ActiveCfg = Release|Any CPU
		{9AABC6FC-4825-4F45-A3D1-5C08D6CC70B1}.Release|Any CPU.Build.0 = Release|Any CPU
		{F9629E82-2CE1-4CF7-8A7F-A204C33E952A}.Debug|Any CPU.ActiveCfg = Debug|Any CPU
		{F9629E82-2CE1-4CF7-8A7F-A204C33E952A}.Debug|Any CPU.Build.0 = Debug|Any CPU
		{F9629E82-2CE1-4CF7-8A7F-A204C33E952A}.Release|Any CPU.ActiveCfg = Release|Any CPU
		{F9629E82-2CE1-4CF7-8A7F-A204C33E952A}.Release|Any CPU.Build.0 = Release|Any CPU
		{AC6A3520-4A79-48EC-9BE1-C01F30BA64EF}.Debug|Any CPU.ActiveCfg = Debug|Any CPU
		{AC6A3520-4A79-48EC-9BE1-C01F30BA64EF}.Debug|Any CPU.Build.0 = Debug|Any CPU
		{AC6A3520-4A79-48EC-9BE1-C01F30BA64EF}.Release|Any CPU.ActiveCfg = Release|Any CPU
		{AC6A3520-4A79-48EC-9BE1-C01F30BA64EF}.Release|Any CPU.Build.0 = Release|Any CPU
		{CB8BDE8B-63CF-4236-8D56-BEF5994FD786}.Debug|Any CPU.ActiveCfg = Debug|Any CPU
		{CB8BDE8B-63CF-4236-8D56-BEF5994FD786}.Debug|Any CPU.Build.0 = Debug|Any CPU
		{CB8BDE8B-63CF-4236-8D56-BEF5994FD786}.Release|Any CPU.ActiveCfg = Release|Any CPU
		{CB8BDE8B-63CF-4236-8D56-BEF5994FD786}.Release|Any CPU.Build.0 = Release|Any CPU
		{B92FBF1B-0589-4DC6-BF13-FADC8B792D2B}.Debug|Any CPU.ActiveCfg = Debug|Any CPU
		{B92FBF1B-0589-4DC6-BF13-FADC8B792D2B}.Debug|Any CPU.Build.0 = Debug|Any CPU
		{B92FBF1B-0589-4DC6-BF13-FADC8B792D2B}.Release|Any CPU.ActiveCfg = Release|Any CPU
		{B92FBF1B-0589-4DC6-BF13-FADC8B792D2B}.Release|Any CPU.Build.0 = Release|Any CPU
		{4062A8F3-666A-4850-AB2B-357C973F828A}.Debug|Any CPU.ActiveCfg = Debug|Any CPU
		{4062A8F3-666A-4850-AB2B-357C973F828A}.Debug|Any CPU.Build.0 = Debug|Any CPU
		{4062A8F3-666A-4850-AB2B-357C973F828A}.Release|Any CPU.ActiveCfg = Release|Any CPU
		{4062A8F3-666A-4850-AB2B-357C973F828A}.Release|Any CPU.Build.0 = Release|Any CPU
		{882B0605-B9D2-4496-A74B-D6AF3A631E8E}.Debug|Any CPU.ActiveCfg = Debug|Any CPU
		{882B0605-B9D2-4496-A74B-D6AF3A631E8E}.Debug|Any CPU.Build.0 = Debug|Any CPU
		{882B0605-B9D2-4496-A74B-D6AF3A631E8E}.Release|Any CPU.ActiveCfg = Release|Any CPU
		{882B0605-B9D2-4496-A74B-D6AF3A631E8E}.Release|Any CPU.Build.0 = Release|Any CPU
		{5B201D13-110F-4D82-BB57-85D33542590C}.Debug|Any CPU.ActiveCfg = Debug|Any CPU
		{5B201D13-110F-4D82-BB57-85D33542590C}.Debug|Any CPU.Build.0 = Debug|Any CPU
		{5B201D13-110F-4D82-BB57-85D33542590C}.Release|Any CPU.ActiveCfg = Release|Any CPU
		{5B201D13-110F-4D82-BB57-85D33542590C}.Release|Any CPU.Build.0 = Release|Any CPU
		{D9C82FA0-506C-496D-AC87-E12A4E173986}.Debug|Any CPU.ActiveCfg = Debug|Any CPU
		{D9C82FA0-506C-496D-AC87-E12A4E173986}.Debug|Any CPU.Build.0 = Debug|Any CPU
		{D9C82FA0-506C-496D-AC87-E12A4E173986}.Release|Any CPU.ActiveCfg = Release|Any CPU
		{D9C82FA0-506C-496D-AC87-E12A4E173986}.Release|Any CPU.Build.0 = Release|Any CPU
		{7818BBB4-9C63-493E-B7FD-58AE2B7770D0}.Debug|Any CPU.ActiveCfg = Debug|Any CPU
		{7818BBB4-9C63-493E-B7FD-58AE2B7770D0}.Debug|Any CPU.Build.0 = Debug|Any CPU
		{7818BBB4-9C63-493E-B7FD-58AE2B7770D0}.Release|Any CPU.ActiveCfg = Release|Any CPU
		{7818BBB4-9C63-493E-B7FD-58AE2B7770D0}.Release|Any CPU.Build.0 = Release|Any CPU
		{51A46386-4641-427D-868D-CFD88EDE3675}.Debug|Any CPU.ActiveCfg = Debug|Any CPU
		{51A46386-4641-427D-868D-CFD88EDE3675}.Debug|Any CPU.Build.0 = Debug|Any CPU
		{51A46386-4641-427D-868D-CFD88EDE3675}.Release|Any CPU.ActiveCfg = Release|Any CPU
		{51A46386-4641-427D-868D-CFD88EDE3675}.Release|Any CPU.Build.0 = Release|Any CPU
		{67913C1B-84B5-4650-835A-1FDA6616CCF3}.Debug|Any CPU.ActiveCfg = Debug|Any CPU
		{67913C1B-84B5-4650-835A-1FDA6616CCF3}.Debug|Any CPU.Build.0 = Debug|Any CPU
		{67913C1B-84B5-4650-835A-1FDA6616CCF3}.Release|Any CPU.ActiveCfg = Release|Any CPU
		{67913C1B-84B5-4650-835A-1FDA6616CCF3}.Release|Any CPU.Build.0 = Release|Any CPU
		{EF6830F7-B07F-45FC-977A-5B4600BC5E11}.Debug|Any CPU.ActiveCfg = Debug|Any CPU
		{EF6830F7-B07F-45FC-977A-5B4600BC5E11}.Debug|Any CPU.Build.0 = Debug|Any CPU
		{EF6830F7-B07F-45FC-977A-5B4600BC5E11}.Release|Any CPU.ActiveCfg = Release|Any CPU
		{EF6830F7-B07F-45FC-977A-5B4600BC5E11}.Release|Any CPU.Build.0 = Release|Any CPU
		{E779388F-D134-4575-9100-739959380F58}.Debug|Any CPU.ActiveCfg = Debug|Any CPU
		{E779388F-D134-4575-9100-739959380F58}.Debug|Any CPU.Build.0 = Debug|Any CPU
		{E779388F-D134-4575-9100-739959380F58}.Release|Any CPU.ActiveCfg = Release|Any CPU
		{E779388F-D134-4575-9100-739959380F58}.Release|Any CPU.Build.0 = Release|Any CPU
		{CC5080F4-9E9D-4621-824A-1302EF1074F2}.Debug|Any CPU.ActiveCfg = Debug|Any CPU
		{CC5080F4-9E9D-4621-824A-1302EF1074F2}.Debug|Any CPU.Build.0 = Debug|Any CPU
		{CC5080F4-9E9D-4621-824A-1302EF1074F2}.Release|Any CPU.ActiveCfg = Release|Any CPU
		{CC5080F4-9E9D-4621-824A-1302EF1074F2}.Release|Any CPU.Build.0 = Release|Any CPU
		{04C67F1E-5017-41F4-B3D1-CEEE4A617F07}.Debug|Any CPU.ActiveCfg = Debug|Any CPU
		{04C67F1E-5017-41F4-B3D1-CEEE4A617F07}.Debug|Any CPU.Build.0 = Debug|Any CPU
		{04C67F1E-5017-41F4-B3D1-CEEE4A617F07}.Release|Any CPU.ActiveCfg = Release|Any CPU
		{04C67F1E-5017-41F4-B3D1-CEEE4A617F07}.Release|Any CPU.Build.0 = Release|Any CPU
		{7229EC07-319A-450D-801D-95709C313227}.Debug|Any CPU.ActiveCfg = Debug|Any CPU
		{7229EC07-319A-450D-801D-95709C313227}.Debug|Any CPU.Build.0 = Debug|Any CPU
		{7229EC07-319A-450D-801D-95709C313227}.Release|Any CPU.ActiveCfg = Release|Any CPU
		{7229EC07-319A-450D-801D-95709C313227}.Release|Any CPU.Build.0 = Release|Any CPU
		{ED54B186-F7D3-4CE2-8D3E-EF958FB545FC}.Debug|Any CPU.ActiveCfg = Debug|Any CPU
		{ED54B186-F7D3-4CE2-8D3E-EF958FB545FC}.Debug|Any CPU.Build.0 = Debug|Any CPU
		{ED54B186-F7D3-4CE2-8D3E-EF958FB545FC}.Release|Any CPU.ActiveCfg = Release|Any CPU
		{ED54B186-F7D3-4CE2-8D3E-EF958FB545FC}.Release|Any CPU.Build.0 = Release|Any CPU
		{D075C4D2-49D2-4DF0-8EC2-2FA718947CF4}.Debug|Any CPU.ActiveCfg = Debug|Any CPU
		{D075C4D2-49D2-4DF0-8EC2-2FA718947CF4}.Debug|Any CPU.Build.0 = Debug|Any CPU
		{D075C4D2-49D2-4DF0-8EC2-2FA718947CF4}.Release|Any CPU.ActiveCfg = Release|Any CPU
		{D075C4D2-49D2-4DF0-8EC2-2FA718947CF4}.Release|Any CPU.Build.0 = Release|Any CPU
		{52246EAD-F2FF-4793-A10A-E681E77748D0}.Debug|Any CPU.ActiveCfg = Debug|Any CPU
		{52246EAD-F2FF-4793-A10A-E681E77748D0}.Debug|Any CPU.Build.0 = Debug|Any CPU
		{52246EAD-F2FF-4793-A10A-E681E77748D0}.Release|Any CPU.ActiveCfg = Release|Any CPU
		{52246EAD-F2FF-4793-A10A-E681E77748D0}.Release|Any CPU.Build.0 = Release|Any CPU
		{5F83A1A2-C81E-46D6-B3B9-27DC028C5219}.Debug|Any CPU.ActiveCfg = Debug|Any CPU
		{5F83A1A2-C81E-46D6-B3B9-27DC028C5219}.Debug|Any CPU.Build.0 = Debug|Any CPU
		{5F83A1A2-C81E-46D6-B3B9-27DC028C5219}.Release|Any CPU.ActiveCfg = Release|Any CPU
		{5F83A1A2-C81E-46D6-B3B9-27DC028C5219}.Release|Any CPU.Build.0 = Release|Any CPU
		{76FF221A-EC6E-4F30-B7A5-E7C6AF81C256}.Debug|Any CPU.ActiveCfg = Debug|Any CPU
		{76FF221A-EC6E-4F30-B7A5-E7C6AF81C256}.Debug|Any CPU.Build.0 = Debug|Any CPU
		{76FF221A-EC6E-4F30-B7A5-E7C6AF81C256}.Release|Any CPU.ActiveCfg = Release|Any CPU
		{76FF221A-EC6E-4F30-B7A5-E7C6AF81C256}.Release|Any CPU.Build.0 = Release|Any CPU
	EndGlobalSection
	GlobalSection(SolutionProperties) = preSolution
		HideSolutionNode = FALSE
	EndGlobalSection
	GlobalSection(NestedProjects) = preSolution
		{9AABC6FC-4825-4F45-A3D1-5C08D6CC70B1} = {8D59A73B-D924-4648-BE38-CAC71A893B14}
		{F9629E82-2CE1-4CF7-8A7F-A204C33E952A} = {8D59A73B-D924-4648-BE38-CAC71A893B14}
		{AC6A3520-4A79-48EC-9BE1-C01F30BA64EF} = {8D59A73B-D924-4648-BE38-CAC71A893B14}
		{CB8BDE8B-63CF-4236-8D56-BEF5994FD786} = {8D59A73B-D924-4648-BE38-CAC71A893B14}
		{B92FBF1B-0589-4DC6-BF13-FADC8B792D2B} = {8D59A73B-D924-4648-BE38-CAC71A893B14}
		{4062A8F3-666A-4850-AB2B-357C973F828A} = {8D59A73B-D924-4648-BE38-CAC71A893B14}
		{882B0605-B9D2-4496-A74B-D6AF3A631E8E} = {8D59A73B-D924-4648-BE38-CAC71A893B14}
		{8D59A73B-D924-4648-BE38-CAC71A893B14} = {0F25477B-3A9D-4887-B55A-CC36416A2BD9}
		{CEC39F8E-CBDC-49A4-89DB-0584091E1DA0} = {0F25477B-3A9D-4887-B55A-CC36416A2BD9}
		{5B201D13-110F-4D82-BB57-85D33542590C} = {CEC39F8E-CBDC-49A4-89DB-0584091E1DA0}
		{D9C82FA0-506C-496D-AC87-E12A4E173986} = {CEC39F8E-CBDC-49A4-89DB-0584091E1DA0}
		{7818BBB4-9C63-493E-B7FD-58AE2B7770D0} = {CEC39F8E-CBDC-49A4-89DB-0584091E1DA0}
		{51A46386-4641-427D-868D-CFD88EDE3675} = {CEC39F8E-CBDC-49A4-89DB-0584091E1DA0}
		{67913C1B-84B5-4650-835A-1FDA6616CCF3} = {CEC39F8E-CBDC-49A4-89DB-0584091E1DA0}
		{EF6830F7-B07F-45FC-977A-5B4600BC5E11} = {CEC39F8E-CBDC-49A4-89DB-0584091E1DA0}
		{E779388F-D134-4575-9100-739959380F58} = {CEC39F8E-CBDC-49A4-89DB-0584091E1DA0}
		{CC5080F4-9E9D-4621-824A-1302EF1074F2} = {CEC39F8E-CBDC-49A4-89DB-0584091E1DA0}
		{04C67F1E-5017-41F4-B3D1-CEEE4A617F07} = {CEC39F8E-CBDC-49A4-89DB-0584091E1DA0}
		{7229EC07-319A-450D-801D-95709C313227} = {CEC39F8E-CBDC-49A4-89DB-0584091E1DA0}
		{2B503954-7B26-4938-88D0-CE8BC2D3BDD5} = {0F25477B-3A9D-4887-B55A-CC36416A2BD9}
		{ED54B186-F7D3-4CE2-8D3E-EF958FB545FC} = {2B503954-7B26-4938-88D0-CE8BC2D3BDD5}
		{D075C4D2-49D2-4DF0-8EC2-2FA718947CF4} = {2B503954-7B26-4938-88D0-CE8BC2D3BDD5}
		{52246EAD-F2FF-4793-A10A-E681E77748D0} = {2B503954-7B26-4938-88D0-CE8BC2D3BDD5}
		{5F83A1A2-C81E-46D6-B3B9-27DC028C5219} = {2B503954-7B26-4938-88D0-CE8BC2D3BDD5}
		{76FF221A-EC6E-4F30-B7A5-E7C6AF81C256} = {2B503954-7B26-4938-88D0-CE8BC2D3BDD5}
	EndGlobalSection
	GlobalSection(ExtensibilityGlobals) = postSolution
		SolutionGuid = {F8BF6B34-C754-4FF9-B55C-0A0A858B542D}
	EndGlobalSection
EndGlobal
